
Microsoft Visual Studio Solution File, Format Version 12.00
# Visual Studio Version 17
VisualStudioVersion = 17.8.34322.80
MinimumVisualStudioVersion = 10.0.40219.1
Project("{FAE04EC0-301F-11D3-BF4B-00C04F79EFBC}") = "Zadnie 12 po lekcji 7", "Zadnie 12 po lekcji 7.csproj", "{1410AC6F-7FFF-441B-A28E-15D424075BAE}"
EndProject
Global
	GlobalSection(SolutionConfigurationPlatforms) = preSolution
		Debug|Any CPU = Debug|Any CPU
		Release|Any CPU = Release|Any CPU
	EndGlobalSection
	GlobalSection(ProjectConfigurationPlatforms) = postSolution
		{1410AC6F-7FFF-441B-A28E-15D424075BAE}.Debug|Any CPU.ActiveCfg = Debug|Any CPU
		{1410AC6F-7FFF-441B-A28E-15D424075BAE}.Debug|Any CPU.Build.0 = Debug|Any CPU
		{1410AC6F-7FFF-441B-A28E-15D424075BAE}.Release|Any CPU.ActiveCfg = Release|Any CPU
		{1410AC6F-7FFF-441B-A28E-15D424075BAE}.Release|Any CPU.Build.0 = Release|Any CPU
	EndGlobalSection
	GlobalSection(SolutionProperties) = preSolution
		HideSolutionNode = FALSE
	EndGlobalSection
	GlobalSection(ExtensibilityGlobals) = postSolution
		SolutionGuid = {C620E6D2-115D-4823-AFA8-1CDC571FC066}
	EndGlobalSection
EndGlobal
